{
  "name": "svelte-ssr-test",
  "version": "1.0.0",
  "lockfileVersion": 2,
  "requires": true,
  "packages": {
    "": {
      "name": "svelte-ssr-test",
      "version": "1.0.0",
      "license": "ISC"
    },
    "../svelte-ssr": {
      "name": "@axel669/hephaestus",
      "version": "0.1.0",
      "extraneous": true,
      "license": "ISC",
      "dependencies": {
        "fast-glob": "^3.2.11",
        "fs-jetpack": "^4.3.1",
        "svelte": "^3.48.0"
      },
      "bin": {
        "heph": "cli.mjs"
      }
    }
  }
}
